// !$*UTF8*$!
{
	archiveVersion = 1;
	classes = {
	};
	objectVersion = 77;
	objects = {

/* Begin PBXBuildFile section */
		0CED3D642FDF7F3700399D58 /* AppDelegate.swift in Sources */ = {isa = PBXBuildFile; fileRef = 0CED3D632FDF7F3700399D58 /* AppDelegate.swift */; };
		0CED3D682FDF7F3700399D58 /* Main.html in Resources */ = {isa = PBXBuildFile; fileRef = 0CED3D662FDF7F3700399D58 /* Main.html */; };
		0CED3D6A2FDF7F3700399D58 /* Icon.png in Resources */ = {isa = PBXBuildFile; fileRef = 0CED3D692FDF7F3700399D58 /* Icon.png */; };
		0CED3D6C2FDF7F3700399D58 /* Style.css in Resources */ = {isa = PBXBuildFile; fileRef = 0CED3D6B2FDF7F3700399D58 /* Style.css */; };
		0CED3D6E2FDF7F3700399D58 /* Script.js in Resources */ = {isa = PBXBuildFile; fileRef = 0CED3D6D2FDF7F3700399D58 /* Script.js */; };
		0CED3D702FDF7F3700399D58 /* ViewController.swift in Sources */ = {isa = PBXBuildFile; fileRef = 0CED3D6F2FDF7F3700399D58 /* ViewController.swift */; };
		0CED3D732FDF7F3700399D58 /* Main.storyboard in Resources */ = {isa = PBXBuildFile; fileRef = 0CED3D712FDF7F3700399D58 /* Main.storyboard */; };
		0CED3D752FDF7F3800399D58 /* Assets.xcassets in Resources */ = {isa = PBXBuildFile; fileRef = 0CED3D742FDF7F3800399D58 /* Assets.xcassets */; };
		0CED3D7C2FDF7F3900399D58 /* Noda Clipper Extension.appex in Embed Foundation Extensions */ = {isa = PBXBuildFile; fileRef = 0CED3D7B2FDF7F3900399D58 /* Noda Clipper Extension.appex */; settings = {ATTRIBUTES = (RemoveHeadersOnCopy, ); }; };
		0CED3D812FDF7F3900399D58 /* SafariWebExtensionHandler.swift in Sources */ = {isa = PBXBuildFile; fileRef = 0CED3D802FDF7F3900399D58 /* SafariWebExtensionHandler.swift */; };
		0CED3D922FDF7F3900399D58 /* popup.js in Resources */ = {isa = PBXBuildFile; fileRef = 0CED3D8D2FDF7F3900399D58 /* popup.js */; };
		0CED3D932FDF7F3900399D58 /* background.js in Resources */ = {isa = PBXBuildFile; fileRef = 0CED3D8E2FDF7F3900399D58 /* background.js */; };
		0CED3D942FDF7F3900399D58 /* popup.html in Resources */ = {isa = PBXBuildFile; fileRef = 0CED3D8F2FDF7F3900399D58 /* popup.html */; };
		0CED3D952FDF7F3900399D58 /* manifest.json in Resources */ = {isa = PBXBuildFile; fileRef = 0CED3D902FDF7F3900399D58 /* manifest.json */; };
		0CED3D962FDF7F3900399D58 /* content.js in Resources */ = {isa = PBXBuildFile; fileRef = 0CED3D912FDF7F3900399D58 /* content.js */; };
/* End PBXBuildFile section */

/* Begin PBXContainerItemProxy section */
		0CED3D7D2FDF7F3900399D58 /* PBXContainerItemProxy */ = {
			isa = PBXContainerItemProxy;
			containerPortal = 0CED3D582FDF7F3700399D58 /* Project object */;
			proxyType = 1;
			remoteGlobalIDString = 0CED3D7A2FDF7F3900399D58;
			remoteInfo = "Noda Clipper Extension";
		};
/* End PBXContainerItemProxy section */

/* Begin PBXCopyFilesBuildPhase section */
		0CED3D882FDF7F3900399D58 /* Embed Foundation Extensions */ = {
			isa = PBXCopyFilesBuildPhase;
			buildActionMask = 2147483647;
			dstPath = "";
			dstSubfolderSpec = 13;
			files = (
				0CED3D7C2FDF7F3900399D58 /* Noda Clipper Extension.appex in Embed Foundation Extensions */,
			);
			name = "Embed Foundation Extensions";
			runOnlyForDeploymentPostprocessing = 0;
		};
/* End PBXCopyFilesBuildPhase section */

/* Begin PBXFileReference section */
		0CED3D602FDF7F3700399D58 /* Noda Clipper.app */ = {isa = PBXFileReference; explicitFileType = wrapper.application; includeInIndex = 0; path = "Noda Clipper.app"; sourceTree = BUILT_PRODUCTS_DIR; };
		0CED3D632FDF7F3700399D58 /* AppDelegate.swift */ = {isa = PBXFileReference; lastKnownFileType = sourcecode.swift; path = AppDelegate.swift; sourceTree = "<group>"; };
		0CED3D672FDF7F3700399D58 /* Base */ = {isa = PBXFileReference; lastKnownFileType = text.html; name = Base; path = Base.lproj/Main.html; sourceTree = "<group>"; };
		0CED3D692FDF7F3700399D58 /* Icon.png */ = {isa = PBXFileReference; lastKnownFileType = image.png; path = Icon.png; sourceTree = "<group>"; };
		0CED3D6B2FDF7F3700399D58 /* Style.css */ = {isa = PBXFileReference; lastKnownFileType = text.css; path = Style.css; sourceTree = "<group>"; };
		0CED3D6D2FDF7F3700399D58 /* Script.js */ = {isa = PBXFileReference; lastKnownFileType = sourcecode.javascript; path = Script.js; sourceTree = "<group>"; };
		0CED3D6F2FDF7F3700399D58 /* ViewController.swift */ = {isa = PBXFileReference; lastKnownFileType = sourcecode.swift; path = ViewController.swift; sourceTree = "<group>"; };
		0CED3D722FDF7F3700399D58 /* Base */ = {isa = PBXFileReference; lastKnownFileType = file.storyboard; name = Base; path = Base.lproj/Main.storyboard; sourceTree = "<group>"; };
		0CED3D742FDF7F3800399D58 /* Assets.xcassets */ = {isa = PBXFileReference; lastKnownFileType = folder.assetcatalog; path = Assets.xcassets; sourceTree = "<group>"; };
		0CED3D762FDF7F3800399D58 /* Info.plist */ = {isa = PBXFileReference; lastKnownFileType = text.plist.xml; path = Info.plist; sourceTree = "<group>"; };
		0CED3D7B2FDF7F3900399D58 /* Noda Clipper Extension.appex */ = {isa = PBXFileReference; explicitFileType = "wrapper.app-extension"; includeInIndex = 0; path = "Noda Clipper Extension.appex"; sourceTree = BUILT_PRODUCTS_DIR; };
		0CED3D802FDF7F3900399D58 /* SafariWebExtensionHandler.swift */ = {isa = PBXFileReference; lastKnownFileType = sourcecode.swift; path = SafariWebExtensionHandler.swift; sourceTree = "<group>"; };
		0CED3D822FDF7F3900399D58 /* Info.plist */ = {isa = PBXFileReference; lastKnownFileType = text.plist.xml; path = Info.plist; sourceTree = "<group>"; };
		0CED3D8D2FDF7F3900399D58 /* popup.js */ = {isa = PBXFileReference; lastKnownFileType = sourcecode.javascript; name = popup.js; path = "../../../safari-extension/popup.js"; sourceTree = "<group>"; };
		0CED3D8E2FDF7F3900399D58 /* background.js */ = {isa = PBXFileReference; lastKnownFileType = sourcecode.javascript; name = background.js; path = "../../../safari-extension/background.js"; sourceTree = "<group>"; };
		0CED3D8F2FDF7F3900399D58 /* popup.html */ = {isa = PBXFileReference; lastKnownFileType = text.html; name = popup.html; path = "../../../safari-extension/popup.html"; sourceTree = "<group>"; };
		0CED3D902FDF7F3900399D58 /* manifest.json */ = {isa = PBXFileReference; lastKnownFileType = text.json; name = manifest.json; path = "../../../safari-extension/manifest.json"; sourceTree = "<group>"; };
		0CED3D912FDF7F3900399D58 /* content.js */ = {isa = PBXFileReference; lastKnownFileType = sourcecode.javascript; name = content.js; path = "../../../safari-extension/content.js"; sourceTree = "<group>"; };
/* End PBXFileReference section */

/* Begin PBXFrameworksBuildPhase section */
		0CED3D5D2FDF7F3700399D58 /* Frameworks */ = {
			isa = PBXFrameworksBuildPhase;
			buildActionMask = 2147483647;
			files = (
			);
			runOnlyForDeploymentPostprocessing = 0;
		};
		0CED3D782FDF7F3900399D58 /* Frameworks */ = {
			isa = PBXFrameworksBuildPhase;
			buildActionMask = 2147483647;
			files = (
			);
			runOnlyForDeploymentPostprocessing = 0;
		};
/* End PBXFrameworksBuildPhase section */

/* Begin PBXGroup section */
		0CED3D572FDF7F3700399D58 = {
			isa = PBXGroup;
			children = (
				0CED3D622FDF7F3700399D58 /* Noda Clipper */,
				0CED3D7F2FDF7F3900399D58 /* Noda Clipper Extension */,
				0CED3D612FDF7F3700399D58 /* Products */,
			);
			sourceTree = "<group>";
		};
		0CED3D612FDF7F3700399D58 /* Products */ = {
			isa = PBXGroup;
			children = (
				0CED3D602FDF7F3700399D58 /* Noda Clipper.app */,
				0CED3D7B2FDF7F3900399D58 /* Noda Clipper Extension.appex */,
			);
			name = Products;
			sourceTree = "<group>";
		};
		0CED3D622FDF7F3700399D58 /* Noda Clipper */ = {
			isa = PBXGroup;
			children = (
				0CED3D632FDF7F3700399D58 /* AppDelegate.swift */,
				0CED3D6F2FDF7F3700399D58 /* ViewController.swift */,
				0CED3D712FDF7F3700399D58 /* Main.storyboard */,
				0CED3D742FDF7F3800399D58 /* Assets.xcassets */,
				0CED3D762FDF7F3800399D58 /* Info.plist */,
				0CED3D652FDF7F3700399D58 /* Resources */,
			);
			path = "Noda Clipper";
			sourceTree = "<group>";
		};
		0CED3D652FDF7F3700399D58 /* Resources */ = {
			isa = PBXGroup;
			children = (
				0CED3D662FDF7F3700399D58 /* Main.html */,
				0CED3D692FDF7F3700399D58 /* Icon.png */,
				0CED3D6B2FDF7F3700399D58 /* Style.css */,
				0CED3D6D2FDF7F3700399D58 /* Script.js */,
			);
			path = Resources;
			sourceTree = "<group>";
		};
		0CED3D7F2FDF7F3900399D58 /* Noda Clipper Extension */ = {
			isa = PBXGroup;
			children = (
				0CED3D8C2FDF7F3900399D58 /* Resources */,
				0CED3D802FDF7F3900399D58 /* SafariWebExtensionHandler.swift */,
				0CED3D822FDF7F3900399D58 /* Info.plist */,
			);
			path = "Noda Clipper Extension";
			sourceTree = "<group>";
		};
		0CED3D8C2FDF7F3900399D58 /* Resources */ = {
			isa = PBXGroup;
			children = (
				0CED3D8D2FDF7F3900399D58 /* popup.js */,
				0CED3D8E2FDF7F3900399D58 /* background.js */,
				0CED3D8F2FDF7F3900399D58 /* popup.html */,
				0CED3D902FDF7F3900399D58 /* manifest.json */,
				0CED3D912FDF7F3900399D58 /* content.js */,
			);
			name = Resources;
			path = "Noda Clipper Extension";
			sourceTree = SOURCE_ROOT;
		};
/* End PBXGroup section */

/* Begin PBXNativeTarget section */
		0CED3D5F2FDF7F3700399D58 /* Noda Clipper */ = {
			isa = PBXNativeTarget;
			buildConfigurationList = 0CED3D892FDF7F3900399D58 /* Build configuration list for PBXNativeTarget "Noda Clipper" */;
			buildPhases = (
				0CED3D5C2FDF7F3700399D58 /* Sources */,
				0CED3D5D2FDF7F3700399D58 /* Frameworks */,
				0CED3D5E2FDF7F3700399D58 /* Resources */,
				0CED3D882FDF7F3900399D58 /* Embed Foundation Extensions */,
			);
			buildRules = (
			);
			dependencies = (
				0CED3D7E2FDF7F3900399D58 /* PBXTargetDependency */,
			);
			name = "Noda Clipper";
			packageProductDependencies = (
			);
			productName = "Noda Clipper";
			productReference = 0CED3D602FDF7F3700399D58 /* Noda Clipper.app */;
			productType = "com.apple.product-type.application";
		};
		0CED3D7A2FDF7F3900399D58 /* Noda Clipper Extension */ = {
			isa = PBXNativeTarget;
			buildConfigurationList = 0CED3D852FDF7F3900399D58 /* Build configuration list for PBXNativeTarget "Noda Clipper Extension" */;
			buildPhases = (
				0CED3D772FDF7F3900399D58 /* Sources */,
				0CED3D782FDF7F3900399D58 /* Frameworks */,
				0CED3D792FDF7F3900399D58 /* Resources */,
			);
			buildRules = (
			);
			dependencies = (
			);
			name = "Noda Clipper Extension";
			packageProductDependencies = (
			);
			productName = "Noda Clipper Extension";
			productReference = 0CED3D7B2FDF7F3900399D58 /* Noda Clipper Extension.appex */;
			productType = "com.apple.product-type.app-extension";
		};
/* End PBXNativeTarget section */

/* Begin PBXProject section */
		0CED3D582FDF7F3700399D58 /* Project object */ = {
			isa = PBXProject;
			attributes = {
				BuildIndependentTargetsInParallel = 1;
				LastSwiftUpdateCheck = 2640;
				LastUpgradeCheck = 2640;
				TargetAttributes = {
					0CED3D5F2FDF7F3700399D58 = {
						CreatedOnToolsVersion = 26.4;
					};
					0CED3D7A2FDF7F3900399D58 = {
						CreatedOnToolsVersion = 26.4;
					};
				};
			};
			buildConfigurationList = 0CED3D5B2FDF7F3700399D58 /* Build configuration list for PBXProject "Noda Clipper" */;
			developmentRegion = en;
			hasScannedForEncodings = 0;
			knownRegions = (
				en,
				Base,
			);
			mainGroup = 0CED3D572FDF7F3700399D58;
			minimizedProjectReferenceProxies = 1;
			preferredProjectObjectVersion = 77;
			productRefGroup = 0CED3D612FDF7F3700399D58 /* Products */;
			projectDirPath = "";
			projectRoot = "";
			targets = (
				0CED3D5F2FDF7F3700399D58 /* Noda Clipper */,
				0CED3D7A2FDF7F3900399D58 /* Noda Clipper Extension */,
			);
		};
/* End PBXProject section */

/* Begin PBXResourcesBuildPhase section */
		0CED3D5E2FDF7F3700399D58 /* Resources */ = {
			isa = PBXResourcesBuildPhase;
			buildActionMask = 2147483647;
			files = (
				0CED3D6A2FDF7F3700399D58 /* Icon.png in Resources */,
				0CED3D732FDF7F3700399D58 /* Main.storyboard in Resources */,
				0CED3D6E2FDF7F3700399D58 /* Script.js in Resources */,
				0CED3D682FDF7F3700399D58 /* Main.html in Resources */,
				0CED3D752FDF7F3800399D58 /* Assets.xcassets in Resources */,
				0CED3D6C2FDF7F3700399D58 /* Style.css in Resources */,
			);
			runOnlyForDeploymentPostprocessing = 0;
		};
		0CED3D792FDF7F3900399D58 /* Resources */ = {
			isa = PBXResourcesBuildPhase;
			buildActionMask = 2147483647;
			files = (
				0CED3D952FDF7F3900399D58 /* manifest.json in Resources */,
				0CED3D932FDF7F3900399D58 /* background.js in Resources */,
				0CED3D942FDF7F3900399D58 /* popup.html in Resources */,
				0CED3D922FDF7F3900399D58 /* popup.js in Resources */,
				0CED3D962FDF7F3900399D58 /* content.js in Resources */,
			);
			runOnlyForDeploymentPostprocessing = 0;
		};
/* End PBXResourcesBuildPhase section */

/* Begin PBXSourcesBuildPhase section */
		0CED3D5C2FDF7F3700399D58 /* Sources */ = {
			isa = PBXSourcesBuildPhase;
			buildActionMask = 2147483647;
			files = (
				0CED3D702FDF7F3700399D58 /* ViewController.swift in Sources */,
				0CED3D642FDF7F3700399D58 /* AppDelegate.swift in Sources */,
			);
			runOnlyForDeploymentPostprocessing = 0;
		};
		0CED3D772FDF7F3900399D58 /* Sources */ = {
			isa = PBXSourcesBuildPhase;
			buildActionMask = 2147483647;
			files = (
				0CED3D812FDF7F3900399D58 /* SafariWebExtensionHandler.swift in Sources */,
			);
			runOnlyForDeploymentPostprocessing = 0;
		};
/* End PBXSourcesBuildPhase section */

/* Begin PBXTargetDependency section */
		0CED3D7E2FDF7F3900399D58 /* PBXTargetDependency */ = {
			isa = PBXTargetDependency;
			target = 0CED3D7A2FDF7F3900399D58 /* Noda Clipper Extension */;
			targetProxy = 0CED3D7D2FDF7F3900399D58 /* PBXContainerItemProxy */;
		};
/* End PBXTargetDependency section */

/* Begin PBXVariantGroup section */
		0CED3D662FDF7F3700399D58 /* Main.html */ = {
			isa = PBXVariantGroup;
			children = (
				0CED3D672FDF7F3700399D58 /* Base */,
			);
			name = Main.html;
			sourceTree = "<group>";
		};
		0CED3D712FDF7F3700399D58 /* Main.storyboard */ = {
			isa = PBXVariantGroup;
			children = (
				0CED3D722FDF7F3700399D58 /* Base */,
			);
			name = Main.storyboard;
			sourceTree = "<group>";
		};
/* End PBXVariantGroup section */

/* Begin XCBuildConfiguration section */
		0CED3D832FDF7F3900399D58 /* Debug */ = {
			isa = XCBuildConfiguration;
			buildSettings = {
				ALWAYS_SEARCH_USER_PATHS = NO;
				ASSETCATALOG_COMPILER_GENERATE_SWIFT_ASSET_SYMBOL_EXTENSIONS = YES;
				CLANG_ANALYZER_NONNULL = YES;
				CLANG_ANALYZER_NUMBER_OBJECT_CONVERSION = YES_AGGRESSIVE;
				CLANG_CXX_LANGUAGE_STANDARD = "gnu++20";
				CLANG_ENABLE_MODULES = YES;
				CLANG_ENABLE_OBJC_ARC = YES;
				CLANG_ENABLE_OBJC_WEAK = YES;
				CLANG_WARN_BLOCK_CAPTURE_AUTORELEASING = YES;
				CLANG_WARN_BOOL_CONVERSION = YES;
				CLANG_WARN_COMMA = YES;
				CLANG_WARN_CONSTANT_CONVERSION = YES;
				CLANG_WARN_DEPRECATED_OBJC_IMPLEMENTATIONS = YES;
				CLANG_WARN_DIRECT_OBJC_ISA_USAGE = YES_ERROR;
				CLANG_WARN_DOCUMENTATION_COMMENTS = YES;
				CLANG_WARN_EMPTY_BODY = YES;
				CLANG_WARN_ENUM_CONVERSION = YES;
				CLANG_WARN_INFINITE_RECURSION = YES;
				CLANG_WARN_INT_CONVERSION = YES;
				CLANG_WARN_NON_LITERAL_NULL_CONVERSION = YES;
				CLANG_WARN_OBJC_IMPLICIT_RETAIN_SELF = YES;
				CLANG_WARN_OBJC_LITERAL_CONVERSION = YES;
				CLANG_WARN_OBJC_ROOT_CLASS = YES_ERROR;
				CLANG_WARN_QUOTED_INCLUDE_IN_FRAMEWORK_HEADER = YES;
				CLANG_WARN_RANGE_LOOP_ANALYSIS = YES;
				CLANG_WARN_STRICT_PROTOTYPES = YES;
				CLANG_WARN_SUSPICIOUS_MOVE = YES;
				CLANG_WARN_UNGUARDED_AVAILABILITY = YES_AGGRESSIVE;
				CLANG_WARN_UNREACHABLE_CODE = YES;
				CLANG_WARN__DUPLICATE_METHOD_MATCH = YES;
				COPY_PHASE_STRIP = NO;
				DEBUG_INFORMATION_FORMAT = dwarf;
				ENABLE_STRICT_OBJC_MSGSEND = YES;
				ENABLE_TESTABILITY = YES;
				ENABLE_USER_SCRIPT_SANDBOXING = YES;
				GCC_C_LANGUAGE_STANDARD = gnu17;
				GCC_DYNAMIC_NO_PIC = NO;
				GCC_NO_COMMON_BLOCKS = YES;
				GCC_OPTIMIZATION_LEVEL = 0;
				GCC_PREPROCESSOR_DEFINITIONS = (
					"DEBUG=1",
					"$(inherited)",
				);
				GCC_WARN_64_TO_32_BIT_CONVERSION = YES;
				GCC_WARN_ABOUT_RETURN_TYPE = YES_ERROR;
				GCC_WARN_UNDECLARED_SELECTOR = YES;
				GCC_WARN_UNINITIALIZED_AUTOS = YES_AGGRESSIVE;
				GCC_WARN_UNUSED_FUNCTION = YES;
				GCC_WARN_UNUSED_VARIABLE = YES;
				LOCALIZATION_PREFERS_STRING_CATALOGS = YES;
				MACOSX_DEPLOYMENT_TARGET = 26.4;
				MTL_ENABLE_DEBUG_INFO = INCLUDE_SOURCE;
				MTL_FAST_MATH = YES;
				ONLY_ACTIVE_ARCH = YES;
				SDKROOT = macosx;
				SWIFT_ACTIVE_COMPILATION_CONDITIONS = "DEBUG $(inherited)";
				SWIFT_OPTIMIZATION_LEVEL = "-Onone";
			};
			name = Debug;
		};
		0CED3D842FDF7F3900399D58 /* Release */ = {
			isa = XCBuildConfiguration;
			buildSettings = {
				ALWAYS_SEARCH_USER_PATHS = NO;
				ASSETCATALOG_COMPILER_GENERATE_SWIFT_ASSET_SYMBOL_EXTENSIONS = YES;
				CLANG_ANALYZER_NONNULL = YES;
				CLANG_ANALYZER_NUMBER_OBJECT_CONVERSION = YES_AGGRESSIVE;
				CLANG_CXX_LANGUAGE_STANDARD = "gnu++20";
				CLANG_ENABLE_MODULES = YES;
				CLANG_ENABLE_OBJC_ARC = YES;
				CLANG_ENABLE_OBJC_WEAK = YES;
				CLANG_WARN_BLOCK_CAPTURE_AUTORELEASING = YES;
				CLANG_WARN_BOOL_CONVERSION = YES;
				CLANG_WARN_COMMA = YES;
				CLANG_WARN_CONSTANT_CONVERSION = YES;
				CLANG_WARN_DEPRECATED_OBJC_IMPLEMENTATIONS = YES;
				CLANG_WARN_DIRECT_OBJC_ISA_USAGE = YES_ERROR;
				CLANG_WARN_DOCUMENTATION_COMMENTS = YES;
				CLANG_WARN_EMPTY_BODY = YES;
				CLANG_WARN_ENUM_CONVERSION = YES;
				CLANG_WARN_INFINITE_RECURSION = YES;
				CLANG_WARN_INT_CONVERSION = YES;
				CLANG_WARN_NON_LITERAL_NULL_CONVERSION = YES;
				CLANG_WARN_OBJC_IMPLICIT_RETAIN_SELF = YES;
				CLANG_WARN_OBJC_LITERAL_CONVERSION = YES;
				CLANG_WARN_OBJC_ROOT_CLASS = YES_ERROR;
				CLANG_WARN_QUOTED_INCLUDE_IN_FRAMEWORK_HEADER = YES;
				CLANG_WARN_RANGE_LOOP_ANALYSIS = YES;
				CLANG_WARN_STRICT_PROTOTYPES = YES;
				CLANG_WARN_SUSPICIOUS_MOVE = YES;
				CLANG_WARN_UNGUARDED_AVAILABILITY = YES_AGGRESSIVE;
				CLANG_WARN_UNREACHABLE_CODE = YES;
				CLANG_WARN__DUPLICATE_METHOD_MATCH = YES;
				COPY_PHASE_STRIP = NO;
				DEBUG_INFORMATION_FORMAT = "dwarf-with-dsym";
				ENABLE_NS_ASSERTIONS = NO;
				ENABLE_STRICT_OBJC_MSGSEND = YES;
				ENABLE_USER_SCRIPT_SANDBOXING = YES;
				GCC_C_LANGUAGE_STANDARD = gnu17;
				GCC_NO_COMMON_BLOCKS = YES;
				GCC_WARN_64_TO_32_BIT_CONVERSION = YES;
				GCC_WARN_ABOUT_RETURN_TYPE = YES_ERROR;
				GCC_WARN_UNDECLARED_SELECTOR = YES;
				GCC_WARN_UNINITIALIZED_AUTOS = YES_AGGRESSIVE;
				GCC_WARN_UNUSED_FUNCTION = YES;
				GCC_WARN_UNUSED_VARIABLE = YES;
				LOCALIZATION_PREFERS_STRING_CATALOGS = YES;
				MACOSX_DEPLOYMENT_TARGET = 26.4;
				MTL_ENABLE_DEBUG_INFO = NO;
				MTL_FAST_MATH = YES;
				SDKROOT = macosx;
				SWIFT_COMPILATION_MODE = wholemodule;
			};
			name = Release;
		};
		0CED3D862FDF7F3900399D58 /* Debug */ = {
			isa = XCBuildConfiguration;
			buildSettings = {
				CODE_SIGN_STYLE = Automatic;
				CURRENT_PROJECT_VERSION = 1;
				ENABLE_APP_SANDBOX = YES;
				ENABLE_HARDENED_RUNTIME = YES;
				ENABLE_USER_SELECTED_FILES = readonly;
				GENERATE_INFOPLIST_FILE = YES;
				INFOPLIST_FILE = "Noda Clipper Extension/Info.plist";
				INFOPLIST_KEY_CFBundleDisplayName = "Noda Clipper Extension";
				INFOPLIST_KEY_NSHumanReadableCopyright = "";
				LD_RUNPATH_SEARCH_PATHS = (
					"$(inherited)",
					"@executable_path/../Frameworks",
					"@executable_path/../../../../Frameworks",
				);
				MACOSX_DEPLOYMENT_TARGET = 10.14;
				MARKETING_VERSION = 1.0;
				OTHER_LDFLAGS = (
					"-framework",
					SafariServices,
				);
				PRODUCT_BUNDLE_IDENTIFIER = com.burakbilgin.NodaClipper.Extension;
				PRODUCT_NAME = "$(TARGET_NAME)";
				SKIP_INSTALL = YES;
				STRING_CATALOG_GENERATE_SYMBOLS = YES;
				SWIFT_APPROACHABLE_CONCURRENCY = YES;
				SWIFT_EMIT_LOC_STRINGS = YES;
				SWIFT_UPCOMING_FEATURE_MEMBER_IMPORT_VISIBILITY = YES;
				SWIFT_VERSION = 5.0;
			};
			name = Debug;
		};
		0CED3D872FDF7F3900399D58 /* Release */ = {
			isa = XCBuildConfiguration;
			buildSettings = {
				CODE_SIGN_STYLE = Automatic;
				CURRENT_PROJECT_VERSION = 1;
				ENABLE_APP_SANDBOX = YES;
				ENABLE_HARDENED_RUNTIME = YES;
				ENABLE_USER_SELECTED_FILES = readonly;
				GENERATE_INFOPLIST_FILE = YES;
				INFOPLIST_FILE = "Noda Clipper Extension/Info.plist";
				INFOPLIST_KEY_CFBundleDisplayName = "Noda Clipper Extension";
				INFOPLIST_KEY_NSHumanReadableCopyright = "";
				LD_RUNPATH_SEARCH_PATHS = (
					"$(inherited)",
					"@executable_path/../Frameworks",
					"@executable_path/../../../../Frameworks",
				);
				MACOSX_DEPLOYMENT_TARGET = 10.14;
				MARKETING_VERSION = 1.0;
				OTHER_LDFLAGS = (
					"-framework",
					SafariServices,
				);
				PRODUCT_BUNDLE_IDENTIFIER = com.burakbilgin.NodaClipper.Extension;
				PRODUCT_NAME = "$(TARGET_NAME)";
				SKIP_INSTALL = YES;
				STRING_CATALOG_GENERATE_SYMBOLS = YES;
				SWIFT_APPROACHABLE_CONCURRENCY = YES;
				SWIFT_EMIT_LOC_STRINGS = YES;
				SWIFT_UPCOMING_FEATURE_MEMBER_IMPORT_VISIBILITY = YES;
				SWIFT_VERSION = 5.0;
			};
			name = Release;
		};
		0CED3D8A2FDF7F3900399D58 /* Debug */ = {
			isa = XCBuildConfiguration;
			buildSettings = {
				ASSETCATALOG_COMPILER_APPICON_NAME = AppIcon;
				ASSETCATALOG_COMPILER_GLOBAL_ACCENT_COLOR_NAME = AccentColor;
				CODE_SIGN_STYLE = Automatic;
				COMBINE_HIDPI_IMAGES = YES;
				CURRENT_PROJECT_VERSION = 1;
				ENABLE_APP_SANDBOX = YES;
				ENABLE_HARDENED_RUNTIME = YES;
				ENABLE_OUTGOING_NETWORK_CONNECTIONS = YES;
				ENABLE_USER_SELECTED_FILES = readonly;
				GENERATE_INFOPLIST_FILE = YES;
				INFOPLIST_FILE = "Noda Clipper/Info.plist";
				INFOPLIST_KEY_CFBundleDisplayName = "Noda Clipper";
				INFOPLIST_KEY_NSHumanReadableCopyright = "";
				INFOPLIST_KEY_NSMainStoryboardFile = Main;
				INFOPLIST_KEY_NSPrincipalClass = NSApplication;
				LD_RUNPATH_SEARCH_PATHS = (
					"$(inherited)",
					"@executable_path/../Frameworks",
				);
				MARKETING_VERSION = 1.0;
				OTHER_LDFLAGS = (
					"-framework",
					SafariServices,
					"-framework",
					WebKit,
				);
				PRODUCT_BUNDLE_IDENTIFIER = com.burakbilgin.NodaClipper;
				PRODUCT_NAME = "$(TARGET_NAME)";
				REGISTER_APP_GROUPS = YES;
				STRING_CATALOG_GENERATE_SYMBOLS = YES;
				SWIFT_APPROACHABLE_CONCURRENCY = YES;
				SWIFT_DEFAULT_ACTOR_ISOLATION = MainActor;
				SWIFT_EMIT_LOC_STRINGS = YES;
				SWIFT_UPCOMING_FEATURE_MEMBER_IMPORT_VISIBILITY = YES;
				SWIFT_VERSION = 5.0;
			};
			name = Debug;
		};
		0CED3D8B2FDF7F3900399D58 /* Release */ = {
			isa = XCBuildConfiguration;
			buildSettings = {
				ASSETCATALOG_COMPILER_APPICON_NAME = AppIcon;
				ASSETCATALOG_COMPILER_GLOBAL_ACCENT_COLOR_NAME = AccentColor;
				CODE_SIGN_STYLE = Automatic;
				COMBINE_HIDPI_IMAGES = YES;
				CURRENT_PROJECT_VERSION = 1;
				ENABLE_APP_SANDBOX = YES;
				ENABLE_HARDENED_RUNTIME = YES;
				ENABLE_OUTGOING_NETWORK_CONNECTIONS = YES;
				ENABLE_USER_SELECTED_FILES = readonly;
				GENERATE_INFOPLIST_FILE = YES;
				INFOPLIST_FILE = "Noda Clipper/Info.plist";
				INFOPLIST_KEY_CFBundleDisplayName = "Noda Clipper";
				INFOPLIST_KEY_NSHumanReadableCopyright = "";
				INFOPLIST_KEY_NSMainStoryboardFile = Main;
				INFOPLIST_KEY_NSPrincipalClass = NSApplication;
				LD_RUNPATH_SEARCH_PATHS = (
					"$(inherited)",
					"@executable_path/../Frameworks",
				);
				MARKETING_VERSION = 1.0;
				OTHER_LDFLAGS = (
					"-framework",
					SafariServices,
					"-framework",
					WebKit,
				);
				PRODUCT_BUNDLE_IDENTIFIER = com.burakbilgin.NodaClipper;
				PRODUCT_NAME = "$(TARGET_NAME)";
				REGISTER_APP_GROUPS = YES;
				STRING_CATALOG_GENERATE_SYMBOLS = YES;
				SWIFT_APPROACHABLE_CONCURRENCY = YES;
				SWIFT_DEFAULT_ACTOR_ISOLATION = MainActor;
				SWIFT_EMIT_LOC_STRINGS = YES;
				SWIFT_UPCOMING_FEATURE_MEMBER_IMPORT_VISIBILITY = YES;
				SWIFT_VERSION = 5.0;
			};
			name = Release;
		};
/* End XCBuildConfiguration section */

/* Begin XCConfigurationList section */
		0CED3D5B2FDF7F3700399D58 /* Build configuration list for PBXProject "Noda Clipper" */ = {
			isa = XCConfigurationList;
			buildConfigurations = (
				0CED3D832FDF7F3900399D58 /* Debug */,
				0CED3D842FDF7F3900399D58 /* Release */,
			);
			defaultConfigurationIsVisible = 0;
			defaultConfigurationName = Release;
		};
		0CED3D852FDF7F3900399D58 /* Build configuration list for PBXNativeTarget "Noda Clipper Extension" */ = {
			isa = XCConfigurationList;
			buildConfigurations = (
				0CED3D862FDF7F3900399D58 /* Debug */,
				0CED3D872FDF7F3900399D58 /* Release */,
			);
			defaultConfigurationIsVisible = 0;
			defaultConfigurationName = Release;
		};
		0CED3D892FDF7F3900399D58 /* Build configuration list for PBXNativeTarget "Noda Clipper" */ = {
			isa = XCConfigurationList;
			buildConfigurations = (
				0CED3D8A2FDF7F3900399D58 /* Debug */,
				0CED3D8B2FDF7F3900399D58 /* Release */,
			);
			defaultConfigurationIsVisible = 0;
			defaultConfigurationName = Release;
		};
/* End XCConfigurationList section */
	};
	rootObject = 0CED3D582FDF7F3700399D58 /* Project object */;
}
